{
  "name": "smartfood-sample-data",
  "version": "1.0.0",
  "lockfileVersion": 1,
  "requires": true,
  "dependencies": {
    "smartfood-model": {
      "version": "file:../model",
      "dependencies": {
        "typescript": {
          "version": "3.5.1",
          "bundled": true
        }
      }
    }
  }
}
